
Microsoft Visual Studio Solution File, Format Version 11.00
# Visual Studio 2010
Project("{8BC9CEB8-8B4A-11D0-8D11-00A0C91BC942}") = "TestDropBoxAndEncrypt", "TestDropBoxAndEncrypt\TestDropBoxAndEncrypt.vcxproj", "{1FE7E633-EF54-4C28-85E2-B87D81C2582D}"
EndProject
Project("{8BC9CEB8-8B4A-11D0-8D11-00A0C91BC942}") = "CloudSecureFileManager", "CloudSecureFileManager\CloudSecureFileManager.vcxproj", "{4B9C867C-ABB4-4943-8F4E-FEE18AA7FD4E}"
EndProject
Global
	GlobalSection(SolutionConfigurationPlatforms) = preSolution
		Debug|Win32 = Debug|Win32
		Release|Win32 = Release|Win32
	EndGlobalSection
	GlobalSection(ProjectConfigurationPlatforms) = postSolution
		{1FE7E633-EF54-4C28-85E2-B87D81C2582D}.Debug|Win32.ActiveCfg = Debug|Win32
		{1FE7E633-EF54-4C28-85E2-B87D81C2582D}.Debug|Win32.Build.0 = Debug|Win32
		{1FE7E633-EF54-4C28-85E2-B87D81C2582D}.Release|Win32.ActiveCfg = Release|Win32
		{1FE7E633-EF54-4C28-85E2-B87D81C2582D}.Release|Win32.Build.0 = Release|Win32
		{4B9C867C-ABB4-4943-8F4E-FEE18AA7FD4E}.Debug|Win32.ActiveCfg = Debug|Win32
		{4B9C867C-ABB4-4943-8F4E-FEE18AA7FD4E}.Debug|Win32.Build.0 = Debug|Win32
		{4B9C867C-ABB4-4943-8F4E-FEE18AA7FD4E}.Release|Win32.ActiveCfg = Release|Win32
		{4B9C867C-ABB4-4943-8F4E-FEE18AA7FD4E}.Release|Win32.Build.0 = Release|Win32
	EndGlobalSection
	GlobalSection(SolutionProperties) = preSolution
		HideSolutionNode = FALSE
	EndGlobalSection
EndGlobal
